// !$*UTF8*$!
{
	archiveVersion = 1;
	classes = {
	};
	objectVersion = 77;
	objects = {

/* Begin PBXBuildFile section */
		071BB7022FA414FA00A81F54 /* SQLite in Frameworks */ = {isa = PBXBuildFile; productRef = 071BB7012FA414FA00A81F54 /* SQLite */; };
		071BB7042FA414FA00A81F54 /* SQLite-Dynamic in Frameworks */ = {isa = PBXBuildFile; productRef = 071BB7032FA414FA00A81F54 /* SQLite-Dynamic */; };
		07FD27292F9F47770074659C /* ContentView.swift in Sources */ = {isa = PBXBuildFile; fileRef = 07FD27262F9F47770074659C /* ContentView.swift */; };
		07FD272A2F9F47770074659C /* FoodFinderApp.swift in Sources */ = {isa = PBXBuildFile; fileRef = 07FD27272F9F47770074659C /* FoodFinderApp.swift */; };
		07FD272B2F9F47770074659C /* Assets.xcassets in Resources */ = {isa = PBXBuildFile; fileRef = 07FD27252F9F47770074659C /* Assets.xcassets */; };
		07FD27332F9F48210074659C /* FavoritesView.swift in Sources */ = {isa = PBXBuildFile; fileRef = 07FD27322F9F48120074659C /* FavoritesView.swift */; };
		07FD27352F9F48340074659C /* RestaurantDetailView.swift in Sources */ = {isa = PBXBuildFile; fileRef = 07FD27342F9F48260074659C /* RestaurantDetailView.swift */; };
		07FD27382F9F48610074659C /* RestaurantListView.swift in Sources */ = {isa = PBXBuildFile; fileRef = 07FD27372F9F485B0074659C /* RestaurantListView.swift */; };
		07FD273A2F9F48830074659C /* Restaurant.swift in Sources */ = {isa = PBXBuildFile; fileRef = 07FD27392F9F487D0074659C /* Restaurant.swift */; };
		07FD273C2F9F48930074659C /* YelpResponse.swift in Sources */ = {isa = PBXBuildFile; fileRef = 07FD273B2F9F488D0074659C /* YelpResponse.swift */; };
		07FD273E2F9F48A20074659C /* YelpService.swift in Sources */ = {isa = PBXBuildFile; fileRef = 07FD273D2F9F489D0074659C /* YelpService.swift */; };
		07FD27402F9F48B30074659C /* FavoritesManager.swift in Sources */ = {isa = PBXBuildFile; fileRef = 07FD273F2F9F48AC0074659C /* FavoritesManager.swift */; };
		07FD27442FA155C20074659C /* Secrets.swift in Sources */ = {isa = PBXBuildFile; fileRef = 07FD27432FA155BD0074659C /* Secrets.swift */; };
/* End PBXBuildFile section */

/* Begin PBXFileReference section */
		07FD270E2F9F395A0074659C /* FoodFinder.app */ = {isa = PBXFileReference; explicitFileType = wrapper.application; includeInIndex = 0; path = FoodFinder.app; sourceTree = BUILT_PRODUCTS_DIR; };
		07FD27252F9F47770074659C /* Assets.xcassets */ = {isa = PBXFileReference; lastKnownFileType = folder.assetcatalog; path = Assets.xcassets; sourceTree = "<group>"; };
		07FD27262F9F47770074659C /* ContentView.swift */ = {isa = PBXFileReference; lastKnownFileType = sourcecode.swift; path = ContentView.swift; sourceTree = "<group>"; };
		07FD27272F9F47770074659C /* FoodFinderApp.swift */ = {isa = PBXFileReference; lastKnownFileType = sourcecode.swift; path = FoodFinderApp.swift; sourceTree = "<group>"; };
		07FD27322F9F48120074659C /* FavoritesView.swift */ = {isa = PBXFileReference; lastKnownFileType = sourcecode.swift; path = FavoritesView.swift; sourceTree = "<group>"; };
		07FD27342F9F48260074659C /* RestaurantDetailView.swift */ = {isa = PBXFileReference; lastKnownFileType = sourcecode.swift; path = RestaurantDetailView.swift; sourceTree = "<group>"; };
		07FD27372F9F485B0074659C /* RestaurantListView.swift */ = {isa = PBXFileReference; lastKnownFileType = sourcecode.swift; path = RestaurantListView.swift; sourceTree = "<group>"; };
		07FD27392F9F487D0074659C /* Restaurant.swift */ = {isa = PBXFileReference; lastKnownFileType = sourcecode.swift; path = Restaurant.swift; sourceTree = "<group>"; };
		07FD273B2F9F488D0074659C /* YelpResponse.swift */ = {isa = PBXFileReference; lastKnownFileType = sourcecode.swift; path = YelpResponse.swift; sourceTree = "<group>"; };
		07FD273D2F9F489D0074659C /* YelpService.swift */ = {isa = PBXFileReference; lastKnownFileType = sourcecode.swift; path = YelpService.swift; sourceTree = "<group>"; };
		07FD273F2F9F48AC0074659C /* FavoritesManager.swift */ = {isa = PBXFileReference; lastKnownFileType = sourcecode.swift; path = FavoritesManager.swift; sourceTree = "<group>"; };
		07FD27412F9F48BB0074659C /* Secrets.example.swift */ = {isa = PBXFileReference; lastKnownFileType = sourcecode.swift; path = Secrets.example.swift; sourceTree = "<group>"; };
		07FD27432FA155BD0074659C /* Secrets.swift */ = {isa = PBXFileReference; lastKnownFileType = sourcecode.swift; path = Secrets.swift; sourceTree = "<group>"; };
/* End PBXFileReference section */

/* Begin PBXFrameworksBuildPhase section */
		07FD270B2F9F395A0074659C /* Frameworks */ = {
			isa = PBXFrameworksBuildPhase;
			buildActionMask = 2147483647;
			files = (
				071BB7042FA414FA00A81F54 /* SQLite-Dynamic in Frameworks */,
				071BB7022FA414FA00A81F54 /* SQLite in Frameworks */,
			);
			runOnlyForDeploymentPostprocessing = 0;
		};
/* End PBXFrameworksBuildPhase section */

/* Begin PBXGroup section */
		07FD27052F9F395A0074659C = {
			isa = PBXGroup;
			children = (
				07FD27282F9F47770074659C /* FoodFinder */,
				07FD270F2F9F395A0074659C /* Products */,
			);
			sourceTree = "<group>";
		};
		07FD270F2F9F395A0074659C /* Products */ = {
			isa = PBXGroup;
			children = (
				07FD270E2F9F395A0074659C /* FoodFinder.app */,
			);
			name = Products;
			sourceTree = "<group>";
		};
		07FD27282F9F47770074659C /* FoodFinder */ = {
			isa = PBXGroup;
			children = (
				07FD272C2F9F47B50074659C /* App */,
				07FD27312F9F47F90074659C /* Utils */,
				07FD27302F9F47F20074659C /* Persistence */,
				07FD272D2F9F47D90074659C /* Views */,
				07FD272E2F9F47E10074659C /* Models */,
				07FD27252F9F47770074659C /* Assets.xcassets */,
				07FD272F2F9F47EA0074659C /* Services */,
			);
			path = FoodFinder;
			sourceTree = "<group>";
		};
		07FD272C2F9F47B50074659C /* App */ = {
			isa = PBXGroup;
			children = (
				07FD27272F9F47770074659C /* FoodFinderApp.swift */,
			);
			path = App;
			sourceTree = "<group>";
		};
		07FD272D2F9F47D90074659C /* Views */ = {
			isa = PBXGroup;
			children = (
				07FD27372F9F485B0074659C /* RestaurantListView.swift */,
				07FD27342F9F48260074659C /* RestaurantDetailView.swift */,
				07FD27322F9F48120074659C /* FavoritesView.swift */,
				07FD27262F9F47770074659C /* ContentView.swift */,
			);
			path = Views;
			sourceTree = "<group>";
		};
		07FD272E2F9F47E10074659C /* Models */ = {
			isa = PBXGroup;
			children = (
				07FD273B2F9F488D0074659C /* YelpResponse.swift */,
				07FD27392F9F487D0074659C /* Restaurant.swift */,
			);
			path = Models;
			sourceTree = "<group>";
		};
		07FD272F2F9F47EA0074659C /* Services */ = {
			isa = PBXGroup;
			children = (
				07FD273D2F9F489D0074659C /* YelpService.swift */,
			);
			path = Services;
			sourceTree = "<group>";
		};
		07FD27302F9F47F20074659C /* Persistence */ = {
			isa = PBXGroup;
			children = (
				07FD273F2F9F48AC0074659C /* FavoritesManager.swift */,
			);
			path = Persistence;
			sourceTree = "<group>";
		};
		07FD27312F9F47F90074659C /* Utils */ = {
			isa = PBXGroup;
			children = (
				07FD27432FA155BD0074659C /* Secrets.swift */,
				07FD27412F9F48BB0074659C /* Secrets.example.swift */,
			);
			path = Utils;
			sourceTree = "<group>";
		};
/* End PBXGroup section */

/* Begin PBXNativeTarget section */
		07FD270D2F9F395A0074659C /* FoodFinder */ = {
			isa = PBXNativeTarget;
			buildConfigurationList = 07FD27192F9F395C0074659C /* Build configuration list for PBXNativeTarget "FoodFinder" */;
			buildPhases = (
				07FD270A2F9F395A0074659C /* Sources */,
				07FD270B2F9F395A0074659C /* Frameworks */,
				07FD270C2F9F395A0074659C /* Resources */,
			);
			buildRules = (
			);
			dependencies = (
			);
			name = FoodFinder;
			packageProductDependencies = (
				071BB7012FA414FA00A81F54 /* SQLite */,
				071BB7032FA414FA00A81F54 /* SQLite-Dynamic */,
			);
			productName = FoodFinder;
			productReference = 07FD270E2F9F395A0074659C /* FoodFinder.app */;
			productType = "com.apple.product-type.application";
		};
/* End PBXNativeTarget section */

/* Begin PBXProject section */
		07FD27062F9F395A0074659C /* Project object */ = {
			isa = PBXProject;
			attributes = {
				BuildIndependentTargetsInParallel = 1;
				LastSwiftUpdateCheck = 2640;
				LastUpgradeCheck = 2640;
				TargetAttributes = {
					07FD270D2F9F395A0074659C = {
						CreatedOnToolsVersion = 26.4.1;
					};
				};
			};
			buildConfigurationList = 07FD27092F9F395A0074659C /* Build configuration list for PBXProject "FoodFinder" */;
			developmentRegion = en;
			hasScannedForEncodings = 0;
			knownRegions = (
				en,
				Base,
			);
			mainGroup = 07FD27052F9F395A0074659C;
			minimizedProjectReferenceProxies = 1;
			packageReferences = (
				071BB7002FA414FA00A81F54 /* XCRemoteSwiftPackageReference "SQLite" */,
			);
			preferredProjectObjectVersion = 77;
			productRefGroup = 07FD270F2F9F395A0074659C /* Products */;
			projectDirPath = "";
			projectRoot = "";
			targets = (
				07FD270D2F9F395A0074659C /* FoodFinder */,
			);
		};
/* End PBXProject section */

/* Begin PBXResourcesBuildPhase section */
		07FD270C2F9F395A0074659C /* Resources */ = {
			isa = PBXResourcesBuildPhase;
			buildActionMask = 2147483647;
			files = (
				07FD272B2F9F47770074659C /* Assets.xcassets in Resources */,
			);
			runOnlyForDeploymentPostprocessing = 0;
		};
/* End PBXResourcesBuildPhase section */

/* Begin PBXSourcesBuildPhase section */
		07FD270A2F9F395A0074659C /* Sources */ = {
			isa = PBXSourcesBuildPhase;
			buildActionMask = 2147483647;
			files = (
				07FD27352F9F48340074659C /* RestaurantDetailView.swift in Sources */,
				07FD27292F9F47770074659C /* ContentView.swift in Sources */,
				07FD273A2F9F48830074659C /* Restaurant.swift in Sources */,
				07FD272A2F9F47770074659C /* FoodFinderApp.swift in Sources */,
				07FD273C2F9F48930074659C /* YelpResponse.swift in Sources */,
				07FD27382F9F48610074659C /* RestaurantListView.swift in Sources */,
				07FD27332F9F48210074659C /* FavoritesView.swift in Sources */,
				07FD27402F9F48B30074659C /* FavoritesManager.swift in Sources */,
				07FD273E2F9F48A20074659C /* YelpService.swift in Sources */,
				07FD27442FA155C20074659C /* Secrets.swift in Sources */,
			);
			runOnlyForDeploymentPostprocessing = 0;
		};
/* End PBXSourcesBuildPhase section */

/* Begin XCBuildConfiguration section */
		07FD27172F9F395C0074659C /* Debug */ = {
			isa = XCBuildConfiguration;
			buildSettings = {
				ALWAYS_SEARCH_USER_PATHS = NO;
				ASSETCATALOG_COMPILER_GENERATE_SWIFT_ASSET_SYMBOL_EXTENSIONS = YES;
				CLANG_ANALYZER_NONNULL = YES;
				CLANG_ANALYZER_NUMBER_OBJECT_CONVERSION = YES_AGGRESSIVE;
				CLANG_CXX_LANGUAGE_STANDARD = "gnu++20";
				CLANG_ENABLE_MODULES = YES;
				CLANG_ENABLE_OBJC_ARC = YES;
				CLANG_ENABLE_OBJC_WEAK = YES;
				CLANG_WARN_BLOCK_CAPTURE_AUTORELEASING = YES;
				CLANG_WARN_BOOL_CONVERSION = YES;
				CLANG_WARN_COMMA = YES;
				CLANG_WARN_CONSTANT_CONVERSION = YES;
				CLANG_WARN_DEPRECATED_OBJC_IMPLEMENTATIONS = YES;
				CLANG_WARN_DIRECT_OBJC_ISA_USAGE = YES_ERROR;
				CLANG_WARN_DOCUMENTATION_COMMENTS = YES;
				CLANG_WARN_EMPTY_BODY = YES;
				CLANG_WARN_ENUM_CONVERSION = YES;
				CLANG_WARN_INFINITE_RECURSION = YES;
				CLANG_WARN_INT_CONVERSION = YES;
				CLANG_WARN_NON_LITERAL_NULL_CONVERSION = YES;
				CLANG_WARN_OBJC_IMPLICIT_RETAIN_SELF = YES;
				CLANG_WARN_OBJC_LITERAL_CONVERSION = YES;
				CLANG_WARN_OBJC_ROOT_CLASS = YES_ERROR;
				CLANG_WARN_QUOTED_INCLUDE_IN_FRAMEWORK_HEADER = YES;
				CLANG_WARN_RANGE_LOOP_ANALYSIS = YES;
				CLANG_WARN_STRICT_PROTOTYPES = YES;
				CLANG_WARN_SUSPICIOUS_MOVE = YES;
				CLANG_WARN_UNGUARDED_AVAILABILITY = YES_AGGRESSIVE;
				CLANG_WARN_UNREACHABLE_CODE = YES;
				CLANG_WARN__DUPLICATE_METHOD_MATCH = YES;
				COPY_PHASE_STRIP = NO;
				DEBUG_INFORMATION_FORMAT = dwarf;
				ENABLE_STRICT_OBJC_MSGSEND = YES;
				ENABLE_TESTABILITY = YES;
				ENABLE_USER_SCRIPT_SANDBOXING = YES;
				GCC_C_LANGUAGE_STANDARD = gnu17;
				GCC_DYNAMIC_NO_PIC = NO;
				GCC_NO_COMMON_BLOCKS = YES;
				GCC_OPTIMIZATION_LEVEL = 0;
				GCC_PREPROCESSOR_DEFINITIONS = (
					"DEBUG=1",
					"$(inherited)",
				);
				GCC_WARN_64_TO_32_BIT_CONVERSION = YES;
				GCC_WARN_ABOUT_RETURN_TYPE = YES_ERROR;
				GCC_WARN_UNDECLARED_SELECTOR = YES;
				GCC_WARN_UNINITIALIZED_AUTOS = YES_AGGRESSIVE;
				GCC_WARN_UNUSED_FUNCTION = YES;
				GCC_WARN_UNUSED_VARIABLE = YES;
				IPHONEOS_DEPLOYMENT_TARGET = 26.4;
				LOCALIZATION_PREFERS_STRING_CATALOGS = YES;
				MTL_ENABLE_DEBUG_INFO = INCLUDE_SOURCE;
				MTL_FAST_MATH = YES;
				ONLY_ACTIVE_ARCH = YES;
				SDKROOT = iphoneos;
				SWIFT_ACTIVE_COMPILATION_CONDITIONS = "DEBUG $(inherited)";
				SWIFT_OPTIMIZATION_LEVEL = "-Onone";
			};
			name = Debug;
		};
		07FD27182F9F395C0074659C /* Release */ = {
			isa = XCBuildConfiguration;
			buildSettings = {
				ALWAYS_SEARCH_USER_PATHS = NO;
				ASSETCATALOG_COMPILER_GENERATE_SWIFT_ASSET_SYMBOL_EXTENSIONS = YES;
				CLANG_ANALYZER_NONNULL = YES;
				CLANG_ANALYZER_NUMBER_OBJECT_CONVERSION = YES_AGGRESSIVE;
				CLANG_CXX_LANGUAGE_STANDARD = "gnu++20";
				CLANG_ENABLE_MODULES = YES;
				CLANG_ENABLE_OBJC_ARC = YES;
				CLANG_ENABLE_OBJC_WEAK = YES;
				CLANG_WARN_BLOCK_CAPTURE_AUTORELEASING = YES;
				CLANG_WARN_BOOL_CONVERSION = YES;
				CLANG_WARN_COMMA = YES;
				CLANG_WARN_CONSTANT_CONVERSION = YES;
				CLANG_WARN_DEPRECATED_OBJC_IMPLEMENTATIONS = YES;
				CLANG_WARN_DIRECT_OBJC_ISA_USAGE = YES_ERROR;
				CLANG_WARN_DOCUMENTATION_COMMENTS = YES;
				CLANG_WARN_EMPTY_BODY = YES;
				CLANG_WARN_ENUM_CONVERSION = YES;
				CLANG_WARN_INFINITE_RECURSION = YES;
				CLANG_WARN_INT_CONVERSION = YES;
				CLANG_WARN_NON_LITERAL_NULL_CONVERSION = YES;
				CLANG_WARN_OBJC_IMPLICIT_RETAIN_SELF = YES;
				CLANG_WARN_OBJC_LITERAL_CONVERSION = YES;
				CLANG_WARN_OBJC_ROOT_CLASS = YES_ERROR;
				CLANG_WARN_QUOTED_INCLUDE_IN_FRAMEWORK_HEADER = YES;
				CLANG_WARN_RANGE_LOOP_ANALYSIS = YES;
				CLANG_WARN_STRICT_PROTOTYPES = YES;
				CLANG_WARN_SUSPICIOUS_MOVE = YES;
				CLANG_WARN_UNGUARDED_AVAILABILITY = YES_AGGRESSIVE;
				CLANG_WARN_UNREACHABLE_CODE = YES;
				CLANG_WARN__DUPLICATE_METHOD_MATCH = YES;
				COPY_PHASE_STRIP = NO;
				DEBUG_INFORMATION_FORMAT = "dwarf-with-dsym";
				ENABLE_NS_ASSERTIONS = NO;
				ENABLE_STRICT_OBJC_MSGSEND = YES;
				ENABLE_USER_SCRIPT_SANDBOXING = YES;
				GCC_C_LANGUAGE_STANDARD = gnu17;
				GCC_NO_COMMON_BLOCKS = YES;
				GCC_WARN_64_TO_32_BIT_CONVERSION = YES;
				GCC_WARN_ABOUT_RETURN_TYPE = YES_ERROR;
				GCC_WARN_UNDECLARED_SELECTOR = YES;
				GCC_WARN_UNINITIALIZED_AUTOS = YES_AGGRESSIVE;
				GCC_WARN_UNUSED_FUNCTION = YES;
				GCC_WARN_UNUSED_VARIABLE = YES;
				IPHONEOS_DEPLOYMENT_TARGET = 26.4;
				LOCALIZATION_PREFERS_STRING_CATALOGS = YES;
				MTL_ENABLE_DEBUG_INFO = NO;
				MTL_FAST_MATH = YES;
				SDKROOT = iphoneos;
				SWIFT_COMPILATION_MODE = wholemodule;
				VALIDATE_PRODUCT = YES;
			};
			name = Release;
		};
		07FD271A2F9F395C0074659C /* Debug */ = {
			isa = XCBuildConfiguration;
			buildSettings = {
				ASSETCATALOG_COMPILER_APPICON_NAME = AppIcon;
				ASSETCATALOG_COMPILER_GLOBAL_ACCENT_COLOR_NAME = AccentColor;
				CODE_SIGN_STYLE = Automatic;
				CURRENT_PROJECT_VERSION = 1;
				ENABLE_PREVIEWS = YES;
				GENERATE_INFOPLIST_FILE = YES;
				INFOPLIST_KEY_UIApplicationSceneManifest_Generation = YES;
				INFOPLIST_KEY_UIApplicationSupportsIndirectInputEvents = YES;
				INFOPLIST_KEY_UILaunchScreen_Generation = YES;
				INFOPLIST_KEY_UISupportedInterfaceOrientations_iPad = "UIInterfaceOrientationPortrait UIInterfaceOrientationPortraitUpsideDown UIInterfaceOrientationLandscapeLeft UIInterfaceOrientationLandscapeRight";
				INFOPLIST_KEY_UISupportedInterfaceOrientations_iPhone = "UIInterfaceOrientationPortrait UIInterfaceOrientationLandscapeLeft UIInterfaceOrientationLandscapeRight";
				LD_RUNPATH_SEARCH_PATHS = (
					"$(inherited)",
					"@executable_path/Frameworks",
				);
				MARKETING_VERSION = 1.0;
				PRODUCT_BUNDLE_IDENTIFIER = cs30.FoodFinder;
				PRODUCT_NAME = "$(TARGET_NAME)";
				STRING_CATALOG_GENERATE_SYMBOLS = YES;
				SWIFT_APPROACHABLE_CONCURRENCY = YES;
				SWIFT_DEFAULT_ACTOR_ISOLATION = MainActor;
				SWIFT_EMIT_LOC_STRINGS = YES;
				SWIFT_UPCOMING_FEATURE_MEMBER_IMPORT_VISIBILITY = YES;
				SWIFT_VERSION = 5.0;
				TARGETED_DEVICE_FAMILY = "1,2";
			};
			name = Debug;
		};
		07FD271B2F9F395C0074659C /* Release */ = {
			isa = XCBuildConfiguration;
			buildSettings = {
				ASSETCATALOG_COMPILER_APPICON_NAME = AppIcon;
				ASSETCATALOG_COMPILER_GLOBAL_ACCENT_COLOR_NAME = AccentColor;
				CODE_SIGN_STYLE = Automatic;
				CURRENT_PROJECT_VERSION = 1;
				ENABLE_PREVIEWS = YES;
				GENERATE_INFOPLIST_FILE = YES;
				INFOPLIST_KEY_UIApplicationSceneManifest_Generation = YES;
				INFOPLIST_KEY_UIApplicationSupportsIndirectInputEvents = YES;
				INFOPLIST_KEY_UILaunchScreen_Generation = YES;
				INFOPLIST_KEY_UISupportedInterfaceOrientations_iPad = "UIInterfaceOrientationPortrait UIInterfaceOrientationPortraitUpsideDown UIInterfaceOrientationLandscapeLeft UIInterfaceOrientationLandscapeRight";
				INFOPLIST_KEY_UISupportedInterfaceOrientations_iPhone = "UIInterfaceOrientationPortrait UIInterfaceOrientationLandscapeLeft UIInterfaceOrientationLandscapeRight";
				LD_RUNPATH_SEARCH_PATHS = (
					"$(inherited)",
					"@executable_path/Frameworks",
				);
				MARKETING_VERSION = 1.0;
				PRODUCT_BUNDLE_IDENTIFIER = cs30.FoodFinder;
				PRODUCT_NAME = "$(TARGET_NAME)";
				STRING_CATALOG_GENERATE_SYMBOLS = YES;
				SWIFT_APPROACHABLE_CONCURRENCY = YES;
				SWIFT_DEFAULT_ACTOR_ISOLATION = MainActor;
				SWIFT_EMIT_LOC_STRINGS = YES;
				SWIFT_UPCOMING_FEATURE_MEMBER_IMPORT_VISIBILITY = YES;
				SWIFT_VERSION = 5.0;
				TARGETED_DEVICE_FAMILY = "1,2";
			};
			name = Release;
		};
/* End XCBuildConfiguration section */

/* Begin XCConfigurationList section */
		07FD27092F9F395A0074659C /* Build configuration list for PBXProject "FoodFinder" */ = {
			isa = XCConfigurationList;
			buildConfigurations = (
				07FD27172F9F395C0074659C /* Debug */,
				07FD27182F9F395C0074659C /* Release */,
			);
			defaultConfigurationIsVisible = 0;
			defaultConfigurationName = Release;
		};
		07FD27192F9F395C0074659C /* Build configuration list for PBXNativeTarget "FoodFinder" */ = {
			isa = XCConfigurationList;
			buildConfigurations = (
				07FD271A2F9F395C0074659C /* Debug */,
				07FD271B2F9F395C0074659C /* Release */,
			);
			defaultConfigurationIsVisible = 0;
			defaultConfigurationName = Release;
		};
/* End XCConfigurationList section */

/* Begin XCRemoteSwiftPackageReference section */
		071BB7002FA414FA00A81F54 /* XCRemoteSwiftPackageReference "SQLite" */ = {
			isa = XCRemoteSwiftPackageReference;
			repositoryURL = "https://github.com/stephencelis/SQLite.swift";
			requirement = {
				kind = upToNextMajorVersion;
				minimumVersion = 0.16.0;
			};
		};
/* End XCRemoteSwiftPackageReference section */

/* Begin XCSwiftPackageProductDependency section */
		071BB7012FA414FA00A81F54 /* SQLite */ = {
			isa = XCSwiftPackageProductDependency;
			package = 071BB7002FA414FA00A81F54 /* XCRemoteSwiftPackageReference "SQLite" */;
			productName = SQLite;
		};
		071BB7032FA414FA00A81F54 /* SQLite-Dynamic */ = {
			isa = XCSwiftPackageProductDependency;
			package = 071BB7002FA414FA00A81F54 /* XCRemoteSwiftPackageReference "SQLite" */;
			productName = "SQLite-Dynamic";
		};
/* End XCSwiftPackageProductDependency section */
	};
	rootObject = 07FD27062F9F395A0074659C /* Project object */;
}
